
Microsoft Visual Studio Solution File, Format Version 12.00
# Visual Studio Version 17
VisualStudioVersion = 17.10.35027.167
MinimumVisualStudioVersion = 10.0.40219.1
Project("{2150E333-8FDC-42A3-9474-1A3956D46DE8}") = "src", "src", "{18205B67-92B2-44B1-A2C4-3A7E8F592A2F}"
EndProject
Project("{FAE04EC0-301F-11D3-BF4B-00C04F79EFBC}") = "WebApi.Api", "src\WebApi.Api\WebApi.Api.csproj", "{E389AC49-27B7-46EA-81CC-7DB060939A85}"
EndProject
Project("{2150E333-8FDC-42A3-9474-1A3956D46DE8}") = "0 - Presentation", "0 - Presentation", "{6AF13B92-B7D9-43E8-BBA4-8CACC57CB244}"
EndProject
Project("{FAE04EC0-301F-11D3-BF4B-00C04F79EFBC}") = "WebApi.Domain", "src\WebApi.Domain\WebApi.Domain.csproj", "{A2DF373E-89CC-4D57-B6DB-01B078B518A3}"
EndProject
Project("{2150E333-8FDC-42A3-9474-1A3956D46DE8}") = "3 - Domain", "3 - Domain", "{4D99F140-7316-4D1A-92F5-60A8BD7A25F1}"
EndProject
Project("{FAE04EC0-301F-11D3-BF4B-00C04F79EFBC}") = "WebApi.Services", "src\WebApi.Services\WebApi.Services.csproj", "{DAE98FAD-D1A1-4B08-A2E0-45D4C374C353}"
EndProject
Project("{2150E333-8FDC-42A3-9474-1A3956D46DE8}") = "1 - Services", "1 - Services", "{699BD6A4-F984-42A5-A171-8A95FF8EE760}"
EndProject
Project("{FAE04EC0-301F-11D3-BF4B-00C04F79EFBC}") = "WebApi.Application", "src\WebApi.Application\WebApi.Application.csproj", "{55345C0C-646E-4FC2-84BE-714875AAA430}"
EndProject
Project("{2150E333-8FDC-42A3-9474-1A3956D46DE8}") = "2 - Application", "2 - Application", "{71B4F762-3753-4644-A604-A346C542EC3D}"
EndProject
Project("{FAE04EC0-301F-11D3-BF4B-00C04F79EFBC}") = "WebApi.Infra.Data", "src\WebApi.Infra.Data\WebApi.Infra.Data.csproj", "{BC84A9BF-B9A8-48BE-A308-1D60D01184E3}"
EndProject
Project("{2150E333-8FDC-42A3-9474-1A3956D46DE8}") = "4 - Infra", "4 - Infra", "{BA8D05B6-1D0F-4BCD-8ABE-64E2D99B35A8}"
EndProject
Project("{2150E333-8FDC-42A3-9474-1A3956D46DE8}") = "4.1 - Data", "4.1 - Data", "{70744A21-A5CC-48ED-AC8B-1735B418F533}"
EndProject
Project("{FAE04EC0-301F-11D3-BF4B-00C04F79EFBC}") = "WebApi.Infra.CrossCutting.IoC", "src\WebApi.Infra.CrossCutting.IoC\WebApi.Infra.CrossCutting.IoC.csproj", "{D0BA1707-D5BC-4FEE-A8A8-8C1FFF8AFA34}"
EndProject
Project("{2150E333-8FDC-42A3-9474-1A3956D46DE8}") = "4.2 - CrossCutting", "4.2 - CrossCutting", "{EE148D04-CBCE-4061-8811-7681B40563C8}"
EndProject
Global
	GlobalSection(SolutionConfigurationPlatforms) = preSolution
		Debug|Any CPU = Debug|Any CPU
		Release|Any CPU = Release|Any CPU
	EndGlobalSection
	GlobalSection(ProjectConfigurationPlatforms) = postSolution
		{E389AC49-27B7-46EA-81CC-7DB060939A85}.Debug|Any CPU.ActiveCfg = Debug|Any CPU
		{E389AC49-27B7-46EA-81CC-7DB060939A85}.Debug|Any CPU.Build.0 = Debug|Any CPU
		{E389AC49-27B7-46EA-81CC-7DB060939A85}.Release|Any CPU.ActiveCfg = Release|Any CPU
		{E389AC49-27B7-46EA-81CC-7DB060939A85}.Release|Any CPU.Build.0 = Release|Any CPU
		{A2DF373E-89CC-4D57-B6DB-01B078B518A3}.Debug|Any CPU.ActiveCfg = Debug|Any CPU
		{A2DF373E-89CC-4D57-B6DB-01B078B518A3}.Debug|Any CPU.Build.0 = Debug|Any CPU
		{A2DF373E-89CC-4D57-B6DB-01B078B518A3}.Release|Any CPU.ActiveCfg = Release|Any CPU
		{A2DF373E-89CC-4D57-B6DB-01B078B518A3}.Release|Any CPU.Build.0 = Release|Any CPU
		{DAE98FAD-D1A1-4B08-A2E0-45D4C374C353}.Debug|Any CPU.ActiveCfg = Debug|Any CPU
		{DAE98FAD-D1A1-4B08-A2E0-45D4C374C353}.Debug|Any CPU.Build.0 = Debug|Any CPU
		{DAE98FAD-D1A1-4B08-A2E0-45D4C374C353}.Release|Any CPU.ActiveCfg = Release|Any CPU
		{DAE98FAD-D1A1-4B08-A2E0-45D4C374C353}.Release|Any CPU.Build.0 = Release|Any CPU
		{55345C0C-646E-4FC2-84BE-714875AAA430}.Debug|Any CPU.ActiveCfg = Debug|Any CPU
		{55345C0C-646E-4FC2-84BE-714875AAA430}.Debug|Any CPU.Build.0 = Debug|Any CPU
		{55345C0C-646E-4FC2-84BE-714875AAA430}.Release|Any CPU.ActiveCfg = Release|Any CPU
		{55345C0C-646E-4FC2-84BE-714875AAA430}.Release|Any CPU.Build.0 = Release|Any CPU
		{BC84A9BF-B9A8-48BE-A308-1D60D01184E3}.Debug|Any CPU.ActiveCfg = Debug|Any CPU
		{BC84A9BF-B9A8-48BE-A308-1D60D01184E3}.Debug|Any CPU.Build.0 = Debug|Any CPU
		{BC84A9BF-B9A8-48BE-A308-1D60D01184E3}.Release|Any CPU.ActiveCfg = Release|Any CPU
		{BC84A9BF-B9A8-48BE-A308-1D60D01184E3}.Release|Any CPU.Build.0 = Release|Any CPU
		{D0BA1707-D5BC-4FEE-A8A8-8C1FFF8AFA34}.Debug|Any CPU.ActiveCfg = Debug|Any CPU
		{D0BA1707-D5BC-4FEE-A8A8-8C1FFF8AFA34}.Debug|Any CPU.Build.0 = Debug|Any CPU
		{D0BA1707-D5BC-4FEE-A8A8-8C1FFF8AFA34}.Release|Any CPU.ActiveCfg = Release|Any CPU
		{D0BA1707-D5BC-4FEE-A8A8-8C1FFF8AFA34}.Release|Any CPU.Build.0 = Release|Any CPU
	EndGlobalSection
	GlobalSection(SolutionProperties) = preSolution
		HideSolutionNode = FALSE
	EndGlobalSection
	GlobalSection(NestedProjects) = preSolution
		{E389AC49-27B7-46EA-81CC-7DB060939A85} = {6AF13B92-B7D9-43E8-BBA4-8CACC57CB244}
		{6AF13B92-B7D9-43E8-BBA4-8CACC57CB244} = {18205B67-92B2-44B1-A2C4-3A7E8F592A2F}
		{A2DF373E-89CC-4D57-B6DB-01B078B518A3} = {4D99F140-7316-4D1A-92F5-60A8BD7A25F1}
		{4D99F140-7316-4D1A-92F5-60A8BD7A25F1} = {18205B67-92B2-44B1-A2C4-3A7E8F592A2F}
		{DAE98FAD-D1A1-4B08-A2E0-45D4C374C353} = {699BD6A4-F984-42A5-A171-8A95FF8EE760}
		{699BD6A4-F984-42A5-A171-8A95FF8EE760} = {18205B67-92B2-44B1-A2C4-3A7E8F592A2F}
		{55345C0C-646E-4FC2-84BE-714875AAA430} = {71B4F762-3753-4644-A604-A346C542EC3D}
		{71B4F762-3753-4644-A604-A346C542EC3D} = {18205B67-92B2-44B1-A2C4-3A7E8F592A2F}
		{BC84A9BF-B9A8-48BE-A308-1D60D01184E3} = {70744A21-A5CC-48ED-AC8B-1735B418F533}
		{BA8D05B6-1D0F-4BCD-8ABE-64E2D99B35A8} = {18205B67-92B2-44B1-A2C4-3A7E8F592A2F}
		{70744A21-A5CC-48ED-AC8B-1735B418F533} = {BA8D05B6-1D0F-4BCD-8ABE-64E2D99B35A8}
		{D0BA1707-D5BC-4FEE-A8A8-8C1FFF8AFA34} = {EE148D04-CBCE-4061-8811-7681B40563C8}
		{EE148D04-CBCE-4061-8811-7681B40563C8} = {BA8D05B6-1D0F-4BCD-8ABE-64E2D99B35A8}
	EndGlobalSection
	GlobalSection(ExtensibilityGlobals) = postSolution
		SolutionGuid = {928B57EC-F004-4DC1-998B-6BFBD8A19590}
	EndGlobalSection
EndGlobal
